
Microsoft Visual Studio Solution File, Format Version 12.00
# Visual Studio Version 16
VisualStudioVersion = 16.0.30523.141
MinimumVisualStudioVersion = 10.0.40219.1
Project("{FAE04EC0-301F-11D3-BF4B-00C04F79EFBC}") = "CityInfo.API", "CityInfo.API\CityInfo.API.csproj", "{CBAD090C-5FA2-490D-A09E-626461121CDC}"
EndProject
Global
	GlobalSection(SolutionConfigurationPlatforms) = preSolution
		Debug|Any CPU = Debug|Any CPU
		Release|Any CPU = Release|Any CPU
	EndGlobalSection
	GlobalSection(ProjectConfigurationPlatforms) = postSolution
		{CBAD090C-5FA2-490D-A09E-626461121CDC}.Debug|Any CPU.ActiveCfg = Debug|Any CPU
		{CBAD090C-5FA2-490D-A09E-626461121CDC}.Debug|Any CPU.Build.0 = Debug|Any CPU
		{CBAD090C-5FA2-490D-A09E-626461121CDC}.Release|Any CPU.ActiveCfg = Release|Any CPU
		{CBAD090C-5FA2-490D-A09E-626461121CDC}.Release|Any CPU.Build.0 = Release|Any CPU
	EndGlobalSection
	GlobalSection(SolutionProperties) = preSolution
		HideSolutionNode = FALSE
	EndGlobalSection
	GlobalSection(ExtensibilityGlobals) = postSolution
		SolutionGuid = {6229E9FF-2C9E-4A3A-BF84-711FA5E835A0}
	EndGlobalSection
EndGlobal
